
Microsoft Visual Studio Solution File, Format Version 12.00
# Visual Studio Version 17
VisualStudioVersion = 17.2.32616.157
MinimumVisualStudioVersion = 10.0.40219.1
Project("{9A19103F-16F7-4668-BE54-9A1E7A4F7556}") = "ExamApi", "ExamApi\ExamApi.csproj", "{A8B76491-67CD-4597-BFBF-9729DA7CFDFB}"
EndProject
Project("{9A19103F-16F7-4668-BE54-9A1E7A4F7556}") = "ExamModel", "Model\ExamModel.csproj", "{F9A2EF58-FC5A-4371-8B84-6E11E1D45203}"
EndProject
Global
	GlobalSection(SolutionConfigurationPlatforms) = preSolution
		Debug|Any CPU = Debug|Any CPU
		Release|Any CPU = Release|Any CPU
	EndGlobalSection
	GlobalSection(ProjectConfigurationPlatforms) = postSolution
		{A8B76491-67CD-4597-BFBF-9729DA7CFDFB}.Debug|Any CPU.ActiveCfg = Debug|Any CPU
		{A8B76491-67CD-4597-BFBF-9729DA7CFDFB}.Debug|Any CPU.Build.0 = Debug|Any CPU
		{A8B76491-67CD-4597-BFBF-9729DA7CFDFB}.Release|Any CPU.ActiveCfg = Release|Any CPU
		{A8B76491-67CD-4597-BFBF-9729DA7CFDFB}.Release|Any CPU.Build.0 = Release|Any CPU
		{F9A2EF58-FC5A-4371-8B84-6E11E1D45203}.Debug|Any CPU.ActiveCfg = Debug|Any CPU
		{F9A2EF58-FC5A-4371-8B84-6E11E1D45203}.Debug|Any CPU.Build.0 = Debug|Any CPU
		{F9A2EF58-FC5A-4371-8B84-6E11E1D45203}.Release|Any CPU.ActiveCfg = Release|Any CPU
		{F9A2EF58-FC5A-4371-8B84-6E11E1D45203}.Release|Any CPU.Build.0 = Release|Any CPU
	EndGlobalSection
	GlobalSection(SolutionProperties) = preSolution
		HideSolutionNode = FALSE
	EndGlobalSection
	GlobalSection(ExtensibilityGlobals) = postSolution
		SolutionGuid = {D0341622-0B95-4A64-8A86-B7ADAEEE05E5}
	EndGlobalSection
EndGlobal
